
Microsoft Visual Studio Solution File, Format Version 12.00
# Visual Studio Version 17
VisualStudioVersion = 17.4.33403.182
MinimumVisualStudioVersion = 10.0.40219.1
Project("{9A19103F-16F7-4668-BE54-9A1E7A4F7556}") = "Honoo.IO.Hashing.Crc", "Honoo.IO.Hashing.Crc\Honoo.IO.Hashing.Crc.csproj", "{6F5FFE6D-B30A-4C2C-ABBD-5A32050B3272}"
EndProject
Project("{9A19103F-16F7-4668-BE54-9A1E7A4F7556}") = "Test", "Test\Test.csproj", "{B9A2DCE1-CD98-4342-8F03-CE66C231CEC8}"
EndProject
Project("{2150E333-8FDC-42A3-9474-1A3956D46DE8}") = "解决方案项", "解决方案项", "{15EFBB7F-5B0E-4DC9-BF47-808D7D538C4C}"
	ProjectSection(SolutionItems) = preProject
		README.md = README.md
	EndProjectSection
EndProject
Project("{FAE04EC0-301F-11D3-BF4B-00C04F79EFBC}") = "XXXEditCode", "XXXEditCode\XXXEditCode.csproj", "{DAE73A9C-D105-4E1D-89AC-0E61D994FD71}"
EndProject
Global
	GlobalSection(SolutionConfigurationPlatforms) = preSolution
		Debug|Any CPU = Debug|Any CPU
		Release|Any CPU = Release|Any CPU
	EndGlobalSection
	GlobalSection(ProjectConfigurationPlatforms) = postSolution
		{6F5FFE6D-B30A-4C2C-ABBD-5A32050B3272}.Debug|Any CPU.ActiveCfg = Debug|Any CPU
		{6F5FFE6D-B30A-4C2C-ABBD-5A32050B3272}.Debug|Any CPU.Build.0 = Debug|Any CPU
		{6F5FFE6D-B30A-4C2C-ABBD-5A32050B3272}.Release|Any CPU.ActiveCfg = Release|Any CPU
		{6F5FFE6D-B30A-4C2C-ABBD-5A32050B3272}.Release|Any CPU.Build.0 = Release|Any CPU
		{B9A2DCE1-CD98-4342-8F03-CE66C231CEC8}.Debug|Any CPU.ActiveCfg = Debug|Any CPU
		{B9A2DCE1-CD98-4342-8F03-CE66C231CEC8}.Debug|Any CPU.Build.0 = Debug|Any CPU
		{B9A2DCE1-CD98-4342-8F03-CE66C231CEC8}.Release|Any CPU.ActiveCfg = Release|Any CPU
		{B9A2DCE1-CD98-4342-8F03-CE66C231CEC8}.Release|Any CPU.Build.0 = Release|Any CPU
		{DAE73A9C-D105-4E1D-89AC-0E61D994FD71}.Debug|Any CPU.ActiveCfg = Debug|Any CPU
		{DAE73A9C-D105-4E1D-89AC-0E61D994FD71}.Debug|Any CPU.Build.0 = Debug|Any CPU
		{DAE73A9C-D105-4E1D-89AC-0E61D994FD71}.Release|Any CPU.ActiveCfg = Release|Any CPU
		{DAE73A9C-D105-4E1D-89AC-0E61D994FD71}.Release|Any CPU.Build.0 = Release|Any CPU
	EndGlobalSection
	GlobalSection(SolutionProperties) = preSolution
		HideSolutionNode = FALSE
	EndGlobalSection
	GlobalSection(ExtensibilityGlobals) = postSolution
		SolutionGuid = {BFA4C883-FB51-4D29-9FFF-ADDF38B289BD}
	EndGlobalSection
EndGlobal
